
Microsoft Visual Studio Solution File, Format Version 12.00
# Visual Studio 14
VisualStudioVersion = 14.0.25420.1
MinimumVisualStudioVersion = 10.0.40219.1
Project("{FAE04EC0-301F-11D3-BF4B-00C04F79EFBC}") = "WebAPI", "WebAPI\WebAPI.csproj", "{AD8A1D96-B433-4FE7-9E08-FB7DF03F3F39}"
EndProject
Project("{FAE04EC0-301F-11D3-BF4B-00C04F79EFBC}") = "DTO", "DTO\DTO.csproj", "{8AFAF700-BE4C-47CE-B871-2F7760804955}"
EndProject
Project("{FAE04EC0-301F-11D3-BF4B-00C04F79EFBC}") = "Manager", "Manager\Manager.csproj", "{2D1F917E-95AD-4E4D-812A-2CA0CB89E1A2}"
EndProject
Global
	GlobalSection(SolutionConfigurationPlatforms) = preSolution
		Debug|Any CPU = Debug|Any CPU
		Release|Any CPU = Release|Any CPU
	EndGlobalSection
	GlobalSection(ProjectConfigurationPlatforms) = postSolution
		{AD8A1D96-B433-4FE7-9E08-FB7DF03F3F39}.Debug|Any CPU.ActiveCfg = Debug|Any CPU
		{AD8A1D96-B433-4FE7-9E08-FB7DF03F3F39}.Debug|Any CPU.Build.0 = Debug|Any CPU
		{AD8A1D96-B433-4FE7-9E08-FB7DF03F3F39}.Release|Any CPU.ActiveCfg = Release|Any CPU
		{AD8A1D96-B433-4FE7-9E08-FB7DF03F3F39}.Release|Any CPU.Build.0 = Release|Any CPU
		{8AFAF700-BE4C-47CE-B871-2F7760804955}.Debug|Any CPU.ActiveCfg = Debug|Any CPU
		{8AFAF700-BE4C-47CE-B871-2F7760804955}.Debug|Any CPU.Build.0 = Debug|Any CPU
		{8AFAF700-BE4C-47CE-B871-2F7760804955}.Release|Any CPU.ActiveCfg = Release|Any CPU
		{8AFAF700-BE4C-47CE-B871-2F7760804955}.Release|Any CPU.Build.0 = Release|Any CPU
		{2D1F917E-95AD-4E4D-812A-2CA0CB89E1A2}.Debug|Any CPU.ActiveCfg = Debug|Any CPU
		{2D1F917E-95AD-4E4D-812A-2CA0CB89E1A2}.Debug|Any CPU.Build.0 = Debug|Any CPU
		{2D1F917E-95AD-4E4D-812A-2CA0CB89E1A2}.Release|Any CPU.ActiveCfg = Release|Any CPU
		{2D1F917E-95AD-4E4D-812A-2CA0CB89E1A2}.Release|Any CPU.Build.0 = Release|Any CPU
	EndGlobalSection
	GlobalSection(SolutionProperties) = preSolution
		HideSolutionNode = FALSE
	EndGlobalSection
EndGlobal
